
Microsoft Visual Studio Solution File, Format Version 12.00
# Visual Studio Version 17
VisualStudioVersion = 17.14.36212.18 d17.14
MinimumVisualStudioVersion = 10.0.40219.1
Project("{FAE04EC0-301F-11D3-BF4B-00C04F79EFBC}") = "FormIOProject", "FormIOProject\FormIOProject.csproj", "{A99F7060-9C88-455A-9349-2045493B24DF}"
EndProject
Global
	GlobalSection(SolutionConfigurationPlatforms) = preSolution
		Debug|Any CPU = Debug|Any CPU
		Release|Any CPU = Release|Any CPU
	EndGlobalSection
	GlobalSection(ProjectConfigurationPlatforms) = postSolution
		{A99F7060-9C88-455A-9349-2045493B24DF}.Debug|Any CPU.ActiveCfg = Debug|Any CPU
		{A99F7060-9C88-455A-9349-2045493B24DF}.Debug|Any CPU.Build.0 = Debug|Any CPU
		{A99F7060-9C88-455A-9349-2045493B24DF}.Release|Any CPU.ActiveCfg = Release|Any CPU
		{A99F7060-9C88-455A-9349-2045493B24DF}.Release|Any CPU.Build.0 = Release|Any CPU
	EndGlobalSection
	GlobalSection(SolutionProperties) = preSolution
		HideSolutionNode = FALSE
	EndGlobalSection
	GlobalSection(ExtensibilityGlobals) = postSolution
		SolutionGuid = {7627025C-5E67-415B-B838-2EE1EE9EBAA0}
	EndGlobalSection
EndGlobal
